
Microsoft Visual Studio Solution File, Format Version 12.00
# Visual Studio Version 16
VisualStudioVersion = 16.0.31702.278
MinimumVisualStudioVersion = 10.0.40219.1
Project("{2150E333-8FDC-42A3-9474-1A3956D46DE8}") = "src", "src", "{4BE3DE3F-8984-4CF2-B3EC-9C6AF9198579}"
EndProject
Project("{2150E333-8FDC-42A3-9474-1A3956D46DE8}") = "ApiGateways", "ApiGateways", "{E3A0B66F-B954-4308-A27F-A27FA96FB0A1}"
EndProject
Project("{2150E333-8FDC-42A3-9474-1A3956D46DE8}") = "Frwk.Heitor", "Frwk.Heitor", "{2F024E04-3573-4135-A28C-176C260707C9}"
EndProject
Project("{2150E333-8FDC-42A3-9474-1A3956D46DE8}") = "Web.Bff.POC", "Web.Bff.POC", "{48FDFBBC-F9C9-4900-A57E-3286CFBA6FFF}"
EndProject
Project("{2150E333-8FDC-42A3-9474-1A3956D46DE8}") = "Mobile.Bff.POC", "Mobile.Bff.POC", "{5CC12B55-96D2-4FB7-A296-FE2EEBF9AAAE}"
EndProject
Project("{9A19103F-16F7-4668-BE54-9A1E7A4F7556}") = "Web.POC.HttpAggregator", "Web.POC.HttpAggregator\Web.POC.HttpAggregator.csproj", "{7930008C-0454-4D54-9738-9B149E25524E}"
EndProject
Project("{2150E333-8FDC-42A3-9474-1A3956D46DE8}") = "Services", "Services", "{D8DE1CB7-6D6E-409C-AFA3-89C8A34627D0}"
EndProject
Project("{9A19103F-16F7-4668-BE54-9A1E7A4F7556}") = "ApiService", "ApiService\ApiService.csproj", "{D73C602C-F480-4321-8756-17629B2F1271}"
EndProject
Global
	GlobalSection(SolutionConfigurationPlatforms) = preSolution
		Debug|Any CPU = Debug|Any CPU
		Release|Any CPU = Release|Any CPU
	EndGlobalSection
	GlobalSection(ProjectConfigurationPlatforms) = postSolution
		{7930008C-0454-4D54-9738-9B149E25524E}.Debug|Any CPU.ActiveCfg = Debug|Any CPU
		{7930008C-0454-4D54-9738-9B149E25524E}.Debug|Any CPU.Build.0 = Debug|Any CPU
		{7930008C-0454-4D54-9738-9B149E25524E}.Release|Any CPU.ActiveCfg = Release|Any CPU
		{7930008C-0454-4D54-9738-9B149E25524E}.Release|Any CPU.Build.0 = Release|Any CPU
		{D73C602C-F480-4321-8756-17629B2F1271}.Debug|Any CPU.ActiveCfg = Debug|Any CPU
		{D73C602C-F480-4321-8756-17629B2F1271}.Debug|Any CPU.Build.0 = Debug|Any CPU
		{D73C602C-F480-4321-8756-17629B2F1271}.Release|Any CPU.ActiveCfg = Release|Any CPU
		{D73C602C-F480-4321-8756-17629B2F1271}.Release|Any CPU.Build.0 = Release|Any CPU
	EndGlobalSection
	GlobalSection(SolutionProperties) = preSolution
		HideSolutionNode = FALSE
	EndGlobalSection
	GlobalSection(NestedProjects) = preSolution
		{E3A0B66F-B954-4308-A27F-A27FA96FB0A1} = {4BE3DE3F-8984-4CF2-B3EC-9C6AF9198579}
		{2F024E04-3573-4135-A28C-176C260707C9} = {E3A0B66F-B954-4308-A27F-A27FA96FB0A1}
		{48FDFBBC-F9C9-4900-A57E-3286CFBA6FFF} = {2F024E04-3573-4135-A28C-176C260707C9}
		{5CC12B55-96D2-4FB7-A296-FE2EEBF9AAAE} = {2F024E04-3573-4135-A28C-176C260707C9}
		{7930008C-0454-4D54-9738-9B149E25524E} = {48FDFBBC-F9C9-4900-A57E-3286CFBA6FFF}
		{D8DE1CB7-6D6E-409C-AFA3-89C8A34627D0} = {4BE3DE3F-8984-4CF2-B3EC-9C6AF9198579}
		{D73C602C-F480-4321-8756-17629B2F1271} = {D8DE1CB7-6D6E-409C-AFA3-89C8A34627D0}
	EndGlobalSection
	GlobalSection(ExtensibilityGlobals) = postSolution
		SolutionGuid = {FCEAFE3C-FB85-45C1-9A5E-8E9AD769A6B0}
	EndGlobalSection
EndGlobal
